<?xml version="1.0" encoding="utf-8"?>
<Project ToolsVersion="4.0" xmlns="http://schemas.microsoft.com/developer/msbuild/2003">
  <ItemGroup>
    <Filter Include="GameStates">
      <UniqueIdentifier>{1b381379-e7d8-40fd-a158-05fec973cf80}</UniqueIdentifier>
    </Filter>
    <Filter Include="GameObjects">
      <UniqueIdentifier>{1d09d605-f224-4a8e-bb63-c33e820272a7}</UniqueIdentifier>
    </Filter>
    <Filter Include="GameAnimations">
      <UniqueIdentifier>{bad5767a-aef6-4a2a-b30c-65da31281c4a}</UniqueIdentifier>
    </Filter>
  </ItemGroup>
  <ItemGroup>
    <ClCompile Include="GameStates\GameState.cpp">
      <Filter>GameStates</Filter>
    </ClCompile>
    <ClCompile Include="GameStates\GameStateMainMenu.cpp">
      <Filter>GameStates</Filter>
    </ClCompile>
    <ClCompile Include="GameStates\GameStatePlay.cpp">
      <Filter>GameStates</Filter>
    </ClCompile>
    <ClCompile Include="GameAnimations\AnimatedSprite.cpp">
      <Filter>GameAnimations</Filter>
    </ClCompile>
    <ClCompile Include="GameAnimations\Animation.cpp">
      <Filter>GameAnimations</Filter>
    </ClCompile>
    <ClCompile Include="GameObjects\ObjBase.cpp">
      <Filter>GameObjects</Filter>
    </ClCompile>
    <ClCompile Include="GameObjects\ObjectManager.cpp">
      <Filter>GameObjects</Filter>
    </ClCompile>
    <ClCompile Include="GameObjects\Posicion.cpp">
      <Filter>GameObjects</Filter>
    </ClCompile>
    <ClCompile Include="GameObjects\Torre.cpp">
      <Filter>GameObjects</Filter>
    </ClCompile>
    <ClCompile Include="GameObjects\UID.cpp">
      <Filter>GameObjects</Filter>
    </ClCompile>
    <ClCompile Include="GameAnimations\TextureManager.cpp">
      <Filter>GameAnimations</Filter>
    </ClCompile>
    <ClCompile Include="GameAnimations\MouseCursor.cpp">
      <Filter>GameAnimations</Filter>
    </ClCompile>
    <ClCompile Include="SettingsManager.cpp" />
    <ClCompile Include="main.cpp" />
    <ClCompile Include="Game.cpp" />
    <ClCompile Include="GameObjects\AnimatedObject.cpp">
      <Filter>GameObjects</Filter>
    </ClCompile>
    <ClCompile Include="GameObjects\Enemigo.cpp">
      <Filter>GameObjects</Filter>
    </ClCompile>
    <ClCompile Include="GameObjects\StaticObject.cpp">
      <Filter>GameObjects</Filter>
    </ClCompile>
  </ItemGroup>
  <ItemGroup>
    <ClInclude Include="GameStates\GameState.h">
      <Filter>GameStates</Filter>
    </ClInclude>
    <ClInclude Include="GameStates\GameStateMainMenu.h">
      <Filter>GameStates</Filter>
    </ClInclude>
    <ClInclude Include="GameStates\GameStatePlay.h">
      <Filter>GameStates</Filter>
    </ClInclude>
    <ClInclude Include="GameAnimations\AnimatedSprite.h">
      <Filter>GameAnimations</Filter>
    </ClInclude>
    <ClInclude Include="GameObjects\ObjBase.h">
      <Filter>GameObjects</Filter>
    </ClInclude>
    <ClInclude Include="GameObjects\ObjectManager.h">
      <Filter>GameObjects</Filter>
    </ClInclude>
    <ClInclude Include="GameObjects\Posicion.h">
      <Filter>GameObjects</Filter>
    </ClInclude>
    <ClInclude Include="GameObjects\Torre.h">
      <Filter>GameObjects</Filter>
    </ClInclude>
    <ClInclude Include="GameObjects\UID.h">
      <Filter>GameObjects</Filter>
    </ClInclude>
    <ClInclude Include="GameAnimations\TextureManager.h">
      <Filter>GameAnimations</Filter>
    </ClInclude>
    <ClInclude Include="GameAnimations\MouseCursor.h">
      <Filter>GameAnimations</Filter>
    </ClInclude>
    <ClInclude Include="Game.h" />
    <ClInclude Include="SettingsManager.h" />
    <ClInclude Include="GameObjects\AnimatedObject.h">
      <Filter>GameObjects</Filter>
    </ClInclude>
    <ClInclude Include="GameAnimations\Animation.h">
      <Filter>GameObjects</Filter>
    </ClInclude>
    <ClInclude Include="GameObjects\Enemigo.h">
      <Filter>GameObjects</Filter>
    </ClInclude>
    <ClInclude Include="GameObjects\StaticObject.h">
      <Filter>GameObjects</Filter>
    </ClInclude>
  </ItemGroup>
</Project>